
Microsoft Visual Studio Solution File, Format Version 12.00
# Visual Studio Version 17
VisualStudioVersion = 17.14.36310.24 d17.14
MinimumVisualStudioVersion = 10.0.40219.1
Project("{FAE04EC0-301F-11D3-BF4B-00C04F79EFBC}") = "oop", "oop\oop.csproj", "{4C033F90-B98E-4BB0-98ED-AAA7339133DB}"
EndProject
Global
	GlobalSection(SolutionConfigurationPlatforms) = preSolution
		Debug|Any CPU = Debug|Any CPU
		Release|Any CPU = Release|Any CPU
	EndGlobalSection
	GlobalSection(ProjectConfigurationPlatforms) = postSolution
		{4C033F90-B98E-4BB0-98ED-AAA7339133DB}.Debug|Any CPU.ActiveCfg = Debug|Any CPU
		{4C033F90-B98E-4BB0-98ED-AAA7339133DB}.Debug|Any CPU.Build.0 = Debug|Any CPU
		{4C033F90-B98E-4BB0-98ED-AAA7339133DB}.Release|Any CPU.ActiveCfg = Release|Any CPU
		{4C033F90-B98E-4BB0-98ED-AAA7339133DB}.Release|Any CPU.Build.0 = Release|Any CPU
	EndGlobalSection
	GlobalSection(SolutionProperties) = preSolution
		HideSolutionNode = FALSE
	EndGlobalSection
	GlobalSection(ExtensibilityGlobals) = postSolution
		SolutionGuid = {AF922746-4989-49BE-B199-5A7791A9E912}
	EndGlobalSection
EndGlobal
